
Microsoft Visual Studio Solution File, Format Version 12.00
# Visual Studio Version 16
VisualStudioVersion = 16.0.29123.88
MinimumVisualStudioVersion = 10.0.40219.1
Project("{FAE04EC0-301F-11D3-BF4B-00C04F79EFBC}") = "schoolHRMangement", "schoolHRMangement.csproj", "{D0C641B0-6E9E-41F1-9927-E48C5DF2CDC4}"
EndProject
Project("{FAE04EC0-301F-11D3-BF4B-00C04F79EFBC}") = "AdminstrationAPI", "..\AdminstrationAPI\AdminstrationAPI.csproj", "{F2C71D4A-A1A7-434F-B2D3-EAECE605B231}"
EndProject
Global
	GlobalSection(SolutionConfigurationPlatforms) = preSolution
		Debug|Any CPU = Debug|Any CPU
		Release|Any CPU = Release|Any CPU
	EndGlobalSection
	GlobalSection(ProjectConfigurationPlatforms) = postSolution
		{D0C641B0-6E9E-41F1-9927-E48C5DF2CDC4}.Debug|Any CPU.ActiveCfg = Debug|Any CPU
		{D0C641B0-6E9E-41F1-9927-E48C5DF2CDC4}.Debug|Any CPU.Build.0 = Debug|Any CPU
		{D0C641B0-6E9E-41F1-9927-E48C5DF2CDC4}.Release|Any CPU.ActiveCfg = Release|Any CPU
		{D0C641B0-6E9E-41F1-9927-E48C5DF2CDC4}.Release|Any CPU.Build.0 = Release|Any CPU
		{F2C71D4A-A1A7-434F-B2D3-EAECE605B231}.Debug|Any CPU.ActiveCfg = Debug|Any CPU
		{F2C71D4A-A1A7-434F-B2D3-EAECE605B231}.Debug|Any CPU.Build.0 = Debug|Any CPU
		{F2C71D4A-A1A7-434F-B2D3-EAECE605B231}.Release|Any CPU.ActiveCfg = Release|Any CPU
		{F2C71D4A-A1A7-434F-B2D3-EAECE605B231}.Release|Any CPU.Build.0 = Release|Any CPU
	EndGlobalSection
	GlobalSection(SolutionProperties) = preSolution
		HideSolutionNode = FALSE
	EndGlobalSection
	GlobalSection(ExtensibilityGlobals) = postSolution
		SolutionGuid = {D16CF9B1-F113-4682-ACB1-A70970D89290}
	EndGlobalSection
EndGlobal
